
Microsoft Visual Studio Solution File, Format Version 12.00
Project("{FAE04EC0-301F-11D3-BF4B-00C04F79EFBC}") = "Amethyst", "Amethyst\Amethyst.csproj", "{BE1DDF3F-F4DE-41DD-84F9-178A8FE21E88}"
EndProject
Project("{FAE04EC0-301F-11D3-BF4B-00C04F79EFBC}") = "SourceGenerators", "SourceGenerators\SourceGenerators.csproj", "{872CF503-C3FA-4476-9126-491611CCD11F}"
EndProject
Project("{FAE04EC0-301F-11D3-BF4B-00C04F79EFBC}") = "Tests", "Tests\Tests.csproj", "{13F73BE2-A450-41B0-8301-ACFD92872935}"
EndProject
Global
	GlobalSection(SolutionConfigurationPlatforms) = preSolution
		Debug|Any CPU = Debug|Any CPU
		Release|Any CPU = Release|Any CPU
	EndGlobalSection
	GlobalSection(ProjectConfigurationPlatforms) = postSolution
		{BE1DDF3F-F4DE-41DD-84F9-178A8FE21E88}.Debug|Any CPU.ActiveCfg = Debug|Any CPU
		{BE1DDF3F-F4DE-41DD-84F9-178A8FE21E88}.Debug|Any CPU.Build.0 = Debug|Any CPU
		{BE1DDF3F-F4DE-41DD-84F9-178A8FE21E88}.Release|Any CPU.ActiveCfg = Release|Any CPU
		{BE1DDF3F-F4DE-41DD-84F9-178A8FE21E88}.Release|Any CPU.Build.0 = Release|Any CPU
		{872CF503-C3FA-4476-9126-491611CCD11F}.Debug|Any CPU.ActiveCfg = Debug|Any CPU
		{872CF503-C3FA-4476-9126-491611CCD11F}.Debug|Any CPU.Build.0 = Debug|Any CPU
		{872CF503-C3FA-4476-9126-491611CCD11F}.Release|Any CPU.ActiveCfg = Release|Any CPU
		{872CF503-C3FA-4476-9126-491611CCD11F}.Release|Any CPU.Build.0 = Release|Any CPU
		{13F73BE2-A450-41B0-8301-ACFD92872935}.Debug|Any CPU.ActiveCfg = Debug|Any CPU
		{13F73BE2-A450-41B0-8301-ACFD92872935}.Debug|Any CPU.Build.0 = Debug|Any CPU
		{13F73BE2-A450-41B0-8301-ACFD92872935}.Release|Any CPU.ActiveCfg = Release|Any CPU
		{13F73BE2-A450-41B0-8301-ACFD92872935}.Release|Any CPU.Build.0 = Release|Any CPU
	EndGlobalSection
EndGlobal
